
Microsoft Visual Studio Solution File, Format Version 12.00
# Visual Studio 15
Project("{FAE04EC0-301F-11D3-BF4B-00C04F79EFBC}") = "Assembly-CSharp", "Assembly-CSharp.csproj", "{3A32A41D-40F1-6F26-6BDC-B810BD5F1950}"
EndProject
Project("{FAE04EC0-301F-11D3-BF4B-00C04F79EFBC}") = "Assembly-CSharp-Editor", "Assembly-CSharp-Editor.csproj", "{7E580EBF-F29A-21D2-7738-3A1335AE773A}"
EndProject
Global
	GlobalSection(SolutionConfigurationPlatforms) = preSolution
		Debug|Any CPU = Debug|Any CPU
		Release|Any CPU = Release|Any CPU
	EndGlobalSection
	GlobalSection(ProjectConfigurationPlatforms) = postSolution
		{3A32A41D-40F1-6F26-6BDC-B810BD5F1950}.Debug|Any CPU.ActiveCfg = Debug|Any CPU
		{3A32A41D-40F1-6F26-6BDC-B810BD5F1950}.Debug|Any CPU.Build.0 = Debug|Any CPU
		{3A32A41D-40F1-6F26-6BDC-B810BD5F1950}.Release|Any CPU.ActiveCfg = Release|Any CPU
		{3A32A41D-40F1-6F26-6BDC-B810BD5F1950}.Release|Any CPU.Build.0 = Release|Any CPU
		{7E580EBF-F29A-21D2-7738-3A1335AE773A}.Debug|Any CPU.ActiveCfg = Debug|Any CPU
		{7E580EBF-F29A-21D2-7738-3A1335AE773A}.Debug|Any CPU.Build.0 = Debug|Any CPU
		{7E580EBF-F29A-21D2-7738-3A1335AE773A}.Release|Any CPU.ActiveCfg = Release|Any CPU
		{7E580EBF-F29A-21D2-7738-3A1335AE773A}.Release|Any CPU.Build.0 = Release|Any CPU
	EndGlobalSection
	GlobalSection(SolutionProperties) = preSolution
		HideSolutionNode = FALSE
	EndGlobalSection
EndGlobal
